// !$*UTF8*$!
{
	archiveVersion = 1;
	classes = {
	};
	objectVersion = 46;
	objects = {

/* Begin PBXBuildFile section */
		9E8613161FD66A7F00FFD087 /* main.m in Sources */ = {isa = PBXBuildFile; fileRef = 9E8613151FD66A7F00FFD087 /* main.m */; };
		9E86131E1FD66C9400FFD087 /* XMLReader.m in Sources */ = {isa = PBXBuildFile; fileRef = 9E86131D1FD66C9400FFD087 /* XMLReader.m */; };
/* End PBXBuildFile section */

/* Begin PBXCopyFilesBuildPhase section */
		9E8613101FD66A7E00FFD087 /* CopyFiles */ = {
			isa = PBXCopyFilesBuildPhase;
			buildActionMask = 2147483647;
			dstPath = /usr/share/man/man1/;
			dstSubfolderSpec = 0;
			files = (
			);
			runOnlyForDeploymentPostprocessing = 1;
		};
/* End PBXCopyFilesBuildPhase section */

/* Begin PBXFileReference section */
		9E8613121FD66A7E00FFD087 /* XML2JSON */ = {isa = PBXFileReference; explicitFileType = "compiled.mach-o.executable"; includeInIndex = 0; path = XML2JSON; sourceTree = BUILT_PRODUCTS_DIR; };
		9E8613151FD66A7F00FFD087 /* main.m */ = {isa = PBXFileReference; lastKnownFileType = sourcecode.c.objc; path = main.m; sourceTree = "<group>"; };
		9E86131C1FD66C9400FFD087 /* XMLReader.h */ = {isa = PBXFileReference; fileEncoding = 4; lastKnownFileType = sourcecode.c.h; path = XMLReader.h; sourceTree = "<group>"; };
		9E86131D1FD66C9400FFD087 /* XMLReader.m */ = {isa = PBXFileReference; fileEncoding = 4; lastKnownFileType = sourcecode.c.objc; path = XMLReader.m; sourceTree = "<group>"; };
		9E86131F1FD66CE100FFD087 /* strings(11).xml */ = {isa = PBXFileReference; lastKnownFileType = text.xml; path = "strings(11).xml"; sourceTree = "<group>"; };
/* End PBXFileReference section */

/* Begin PBXFrameworksBuildPhase section */
		9E86130F1FD66A7E00FFD087 /* Frameworks */ = {
			isa = PBXFrameworksBuildPhase;
			buildActionMask = 2147483647;
			files = (
			);
			runOnlyForDeploymentPostprocessing = 0;
		};
/* End PBXFrameworksBuildPhase section */

/* Begin PBXGroup section */
		9E8613091FD66A7D00FFD087 = {
			isa = PBXGroup;
			children = (
				9E8613141FD66A7F00FFD087 /* XML2JSON */,
				9E8613131FD66A7E00FFD087 /* Products */,
			);
			sourceTree = "<group>";
		};
		9E8613131FD66A7E00FFD087 /* Products */ = {
			isa = PBXGroup;
			children = (
				9E8613121FD66A7E00FFD087 /* XML2JSON */,
			);
			name = Products;
			sourceTree = "<group>";
		};
		9E8613141FD66A7F00FFD087 /* XML2JSON */ = {
			isa = PBXGroup;
			children = (
				9E86131F1FD66CE100FFD087 /* strings(11).xml */,
				9E86131C1FD66C9400FFD087 /* XMLReader.h */,
				9E86131D1FD66C9400FFD087 /* XMLReader.m */,
				9E8613151FD66A7F00FFD087 /* main.m */,
			);
			path = XML2JSON;
			sourceTree = "<group>";
		};
/* End PBXGroup section */

/* Begin PBXNativeTarget section */
		9E8613111FD66A7E00FFD087 /* XML2JSON */ = {
			isa = PBXNativeTarget;
			buildConfigurationList = 9E8613191FD66A7F00FFD087 /* Build configuration list for PBXNativeTarget "XML2JSON" */;
			buildPhases = (
				9E86130E1FD66A7E00FFD087 /* Sources */,
				9E86130F1FD66A7E00FFD087 /* Frameworks */,
				9E8613101FD66A7E00FFD087 /* CopyFiles */,
			);
			buildRules = (
			);
			dependencies = (
			);
			name = XML2JSON;
			productName = XML2JSON;
			productReference = 9E8613121FD66A7E00FFD087 /* XML2JSON */;
			productType = "com.apple.product-type.tool";
		};
/* End PBXNativeTarget section */

/* Begin PBXProject section */
		9E86130A1FD66A7D00FFD087 /* Project object */ = {
			isa = PBXProject;
			attributes = {
				LastUpgradeCheck = 0820;
				ORGANIZATIONNAME = com.tm0755.app;
				TargetAttributes = {
					9E8613111FD66A7E00FFD087 = {
						CreatedOnToolsVersion = 8.2.1;
						DevelopmentTeam = 3R99S97SR4;
						ProvisioningStyle = Automatic;
					};
				};
			};
			buildConfigurationList = 9E86130D1FD66A7D00FFD087 /* Build configuration list for PBXProject "XML2JSON" */;
			compatibilityVersion = "Xcode 3.2";
			developmentRegion = English;
			hasScannedForEncodings = 0;
			knownRegions = (
				en,
			);
			mainGroup = 9E8613091FD66A7D00FFD087;
			productRefGroup = 9E8613131FD66A7E00FFD087 /* Products */;
			projectDirPath = "";
			projectRoot = "";
			targets = (
				9E8613111FD66A7E00FFD087 /* XML2JSON */,
			);
		};
/* End PBXProject section */

/* Begin PBXSourcesBuildPhase section */
		9E86130E1FD66A7E00FFD087 /* Sources */ = {
			isa = PBXSourcesBuildPhase;
			buildActionMask = 2147483647;
			files = (
				9E86131E1FD66C9400FFD087 /* XMLReader.m in Sources */,
				9E8613161FD66A7F00FFD087 /* main.m in Sources */,
			);
			runOnlyForDeploymentPostprocessing = 0;
		};
/* End PBXSourcesBuildPhase section */

/* Begin XCBuildConfiguration section */
		9E8613171FD66A7F00FFD087 /* Debug */ = {
			isa = XCBuildConfiguration;
			buildSettings = {
				ALWAYS_SEARCH_USER_PATHS = NO;
				CLANG_ANALYZER_NONNULL = YES;
				CLANG_CXX_LANGUAGE_STANDARD = "gnu++0x";
				CLANG_CXX_LIBRARY = "libc++";
				CLANG_ENABLE_MODULES = YES;
				CLANG_ENABLE_OBJC_ARC = YES;
				CLANG_WARN_BOOL_CONVERSION = YES;
				CLANG_WARN_CONSTANT_CONVERSION = YES;
				CLANG_WARN_DIRECT_OBJC_ISA_USAGE = YES_ERROR;
				CLANG_WARN_DOCUMENTATION_COMMENTS = YES;
				CLANG_WARN_EMPTY_BODY = YES;
				CLANG_WARN_ENUM_CONVERSION = YES;
				CLANG_WARN_INFINITE_RECURSION = YES;
				CLANG_WARN_INT_CONVERSION = YES;
				CLANG_WARN_OBJC_ROOT_CLASS = YES_ERROR;
				CLANG_WARN_SUSPICIOUS_MOVE = YES;
				CLANG_WARN_UNREACHABLE_CODE = YES;
				CLANG_WARN__DUPLICATE_METHOD_MATCH = YES;
				CODE_SIGN_IDENTITY = "-";
				COPY_PHASE_STRIP = NO;
				DEBUG_INFORMATION_FORMAT = dwarf;
				ENABLE_STRICT_OBJC_MSGSEND = YES;
				ENABLE_TESTABILITY = YES;
				GCC_C_LANGUAGE_STANDARD = gnu99;
				GCC_DYNAMIC_NO_PIC = NO;
				GCC_NO_COMMON_BLOCKS = YES;
				GCC_OPTIMIZATION_LEVEL = 0;
				GCC_PREPROCESSOR_DEFINITIONS = (
					"DEBUG=1",
					"$(inherited)",
				);
				GCC_WARN_64_TO_32_BIT_CONVERSION = YES;
				GCC_WARN_ABOUT_RETURN_TYPE = YES_ERROR;
				GCC_WARN_UNDECLARED_SELECTOR = YES;
				GCC_WARN_UNINITIALIZED_AUTOS = YES_AGGRESSIVE;
				GCC_WARN_UNUSED_FUNCTION = YES;
				GCC_WARN_UNUSED_VARIABLE = YES;
				MACOSX_DEPLOYMENT_TARGET = 10.12;
				MTL_ENABLE_DEBUG_INFO = YES;
				ONLY_ACTIVE_ARCH = YES;
				SDKROOT = macosx;
			};
			name = Debug;
		};
		9E8613181FD66A7F00FFD087 /* Release */ = {
			isa = XCBuildConfiguration;
			buildSettings = {
				ALWAYS_SEARCH_USER_PATHS = NO;
				CLANG_ANALYZER_NONNULL = YES;
				CLANG_CXX_LANGUAGE_STANDARD = "gnu++0x";
				CLANG_CXX_LIBRARY = "libc++";
				CLANG_ENABLE_MODULES = YES;
				CLANG_ENABLE_OBJC_ARC = YES;
				CLANG_WARN_BOOL_CONVERSION = YES;
				CLANG_WARN_CONSTANT_CONVERSION = YES;
				CLANG_WARN_DIRECT_OBJC_ISA_USAGE = YES_ERROR;
				CLANG_WARN_DOCUMENTATION_COMMENTS = YES;
				CLANG_WARN_EMPTY_BODY = YES;
				CLANG_WARN_ENUM_CONVERSION = YES;
				CLANG_WARN_INFINITE_RECURSION = YES;
				CLANG_WARN_INT_CONVERSION = YES;
				CLANG_WARN_OBJC_ROOT_CLASS = YES_ERROR;
				CLANG_WARN_SUSPICIOUS_MOVE = YES;
				CLANG_WARN_UNREACHABLE_CODE = YES;
				CLANG_WARN__DUPLICATE_METHOD_MATCH = YES;
				CODE_SIGN_IDENTITY = "-";
				COPY_PHASE_STRIP = NO;
				DEBUG_INFORMATION_FORMAT = "dwarf-with-dsym";
				ENABLE_NS_ASSERTIONS = NO;
				ENABLE_STRICT_OBJC_MSGSEND = YES;
				GCC_C_LANGUAGE_STANDARD = gnu99;
				GCC_NO_COMMON_BLOCKS = YES;
				GCC_WARN_64_TO_32_BIT_CONVERSION = YES;
				GCC_WARN_ABOUT_RETURN_TYPE = YES_ERROR;
				GCC_WARN_UNDECLARED_SELECTOR = YES;
				GCC_WARN_UNINITIALIZED_AUTOS = YES_AGGRESSIVE;
				GCC_WARN_UNUSED_FUNCTION = YES;
				GCC_WARN_UNUSED_VARIABLE = YES;
				MACOSX_DEPLOYMENT_TARGET = 10.12;
				MTL_ENABLE_DEBUG_INFO = NO;
				SDKROOT = macosx;
			};
			name = Release;
		};
		9E86131A1FD66A7F00FFD087 /* Debug */ = {
			isa = XCBuildConfiguration;
			buildSettings = {
				DEVELOPMENT_TEAM = 3R99S97SR4;
				PRODUCT_NAME = "$(TARGET_NAME)";
			};
			name = Debug;
		};
		9E86131B1FD66A7F00FFD087 /* Release */ = {
			isa = XCBuildConfiguration;
			buildSettings = {
				DEVELOPMENT_TEAM = 3R99S97SR4;
				PRODUCT_NAME = "$(TARGET_NAME)";
			};
			name = Release;
		};
/* End XCBuildConfiguration section */

/* Begin XCConfigurationList section */
		9E86130D1FD66A7D00FFD087 /* Build configuration list for PBXProject "XML2JSON" */ = {
			isa = XCConfigurationList;
			buildConfigurations = (
				9E8613171FD66A7F00FFD087 /* Debug */,
				9E8613181FD66A7F00FFD087 /* Release */,
			);
			defaultConfigurationIsVisible = 0;
			defaultConfigurationName = Release;
		};
		9E8613191FD66A7F00FFD087 /* Build configuration list for PBXNativeTarget "XML2JSON" */ = {
			isa = XCConfigurationList;
			buildConfigurations = (
				9E86131A1FD66A7F00FFD087 /* Debug */,
				9E86131B1FD66A7F00FFD087 /* Release */,
			);
			defaultConfigurationIsVisible = 0;
		};
/* End XCConfigurationList section */
	};
	rootObject = 9E86130A1FD66A7D00FFD087 /* Project object */;
}
